
Microsoft Visual Studio Solution File, Format Version 12.00
# Visual Studio Version 17
VisualStudioVersion = 17.9.34728.123
MinimumVisualStudioVersion = 10.0.40219.1
Project("{FAE04EC0-301F-11D3-BF4B-00C04F79EFBC}") = "ClientProject", "ClientProject\ClientProject.csproj", "{7F81C5B9-784A-4AA8-A53D-3469E38AB63B}"
EndProject
Global
	GlobalSection(SolutionConfigurationPlatforms) = preSolution
		Debug|Any CPU = Debug|Any CPU
		Release|Any CPU = Release|Any CPU
	EndGlobalSection
	GlobalSection(ProjectConfigurationPlatforms) = postSolution
		{7F81C5B9-784A-4AA8-A53D-3469E38AB63B}.Debug|Any CPU.ActiveCfg = Debug|Any CPU
		{7F81C5B9-784A-4AA8-A53D-3469E38AB63B}.Debug|Any CPU.Build.0 = Debug|Any CPU
		{7F81C5B9-784A-4AA8-A53D-3469E38AB63B}.Release|Any CPU.ActiveCfg = Release|Any CPU
		{7F81C5B9-784A-4AA8-A53D-3469E38AB63B}.Release|Any CPU.Build.0 = Release|Any CPU
	EndGlobalSection
	GlobalSection(SolutionProperties) = preSolution
		HideSolutionNode = FALSE
	EndGlobalSection
	GlobalSection(ExtensibilityGlobals) = postSolution
		SolutionGuid = {EDFDA3F0-CDAE-4908-B79C-5216A846190D}
	EndGlobalSection
EndGlobal
